
Microsoft Visual Studio Solution File, Format Version 12.00
# Visual Studio Version 17
VisualStudioVersion = 17.9.34607.119
MinimumVisualStudioVersion = 10.0.40219.1
Project("{F184B08F-C81C-45F6-A57F-5ABD9991F28F}") = "JENNIT", "JENNIT\JENNIT.vbproj", "{CF139291-661F-44F1-B4A9-87BA81172399}"
EndProject
Global
	GlobalSection(SolutionConfigurationPlatforms) = preSolution
		Debug|Any CPU = Debug|Any CPU
		Release|Any CPU = Release|Any CPU
	EndGlobalSection
	GlobalSection(ProjectConfigurationPlatforms) = postSolution
		{CF139291-661F-44F1-B4A9-87BA81172399}.Debug|Any CPU.ActiveCfg = Debug|Any CPU
		{CF139291-661F-44F1-B4A9-87BA81172399}.Debug|Any CPU.Build.0 = Debug|Any CPU
		{CF139291-661F-44F1-B4A9-87BA81172399}.Release|Any CPU.ActiveCfg = Release|Any CPU
		{CF139291-661F-44F1-B4A9-87BA81172399}.Release|Any CPU.Build.0 = Release|Any CPU
	EndGlobalSection
	GlobalSection(SolutionProperties) = preSolution
		HideSolutionNode = FALSE
	EndGlobalSection
	GlobalSection(ExtensibilityGlobals) = postSolution
		SolutionGuid = {CDAC21C1-B024-41EA-B983-28D9D08E1124}
	EndGlobalSection
EndGlobal
